GIT
  remote: https://github.com/UnderGreen/ansible-role-mongodb
  ref: master
  sha: 8f1bb3f3ed23388ca5709449cbc8820dd66014d8
  specs:
    greendayonfire.mongodb (1.2.1)

GIT
  remote: https://github.com/codingbunch/ansible-docker-registry
  ref: master
  sha: 432e989ca0365500f40eacace3a66a8acdfe3c14
  specs:
    aalda.docker-registry (1.0.4)

PATH
  remote: ./roles-static/bennojoy.redis
  specs:
    bennojoy.redis (0.0.0)

PATH
  remote: ./roles-static/docker_server
  specs:
    docker_server (0.0.0)

PATH
  remote: ./roles-static/gandalf
  specs:
    gandalf (0.0.0)

PATH
  remote: ./roles-static/hipache
  specs:
    hipache (0.0.0)

PATH
  remote: ./roles-static/tsuru_api
  specs:
    tsuru_api (0.0.0)

DEPENDENCIES
  aalda.docker-registry (= 1.0.4)
  bennojoy.redis (>= 0)
  docker_server (>= 0)
  gandalf (>= 0)
  greendayonfire.mongodb (= 1.2.1)
  hipache (>= 0)
  tsuru_api (>= 0)

